
Microsoft Visual Studio Solution File, Format Version 12.00
Project("{FAE04EC0-301F-11D3-BF4B-00C04F79EFBC}") = "Zaptibot.Api", "Zaptibot.Api\Zaptibot.Api.csproj", "{CCA2DF36-A13A-4A62-92F1-0422CC868677}"
EndProject
Project("{2150E333-8FDC-42A3-9474-1A3956D46DE8}") = "Solution Items", "Solution Items", "{6859F39D-4C46-4FAE-930B-7383045F3A0B}"
	ProjectSection(SolutionItems) = preProject
		compose.yaml = compose.yaml
	EndProjectSection
EndProject
Project("{FAE04EC0-301F-11D3-BF4B-00C04F79EFBC}") = "Zaptibot.Tests", "Zaptibot.Tests\Zaptibot.Tests.csproj", "{F9AEF966-1EB3-44F8-B50F-2A56793D201D}"
EndProject
Project("{FAE04EC0-301F-11D3-BF4B-00C04F79EFBC}") = "Zaptibot.Identity", "Zaptibot.Identity\Zaptibot.Identity.csproj", "{E1D0B04E-C2CC-45A8-B21D-A205AA13E9AC}"
EndProject
Project("{FAE04EC0-301F-11D3-BF4B-00C04F79EFBC}") = "Zaptibot.SharedLib", "Zaptibot.SharedLib\Zaptibot.SharedLib.csproj", "{028D2775-9054-48E9-8CC1-2DF26C7D2CF7}"
EndProject
Global
	GlobalSection(SolutionConfigurationPlatforms) = preSolution
		Debug|Any CPU = Debug|Any CPU
		Release|Any CPU = Release|Any CPU
	EndGlobalSection
	GlobalSection(ProjectConfigurationPlatforms) = postSolution
		{CCA2DF36-A13A-4A62-92F1-0422CC868677}.Debug|Any CPU.ActiveCfg = Debug|Any CPU
		{CCA2DF36-A13A-4A62-92F1-0422CC868677}.Debug|Any CPU.Build.0 = Debug|Any CPU
		{CCA2DF36-A13A-4A62-92F1-0422CC868677}.Release|Any CPU.ActiveCfg = Release|Any CPU
		{CCA2DF36-A13A-4A62-92F1-0422CC868677}.Release|Any CPU.Build.0 = Release|Any CPU
		{F9AEF966-1EB3-44F8-B50F-2A56793D201D}.Debug|Any CPU.ActiveCfg = Debug|Any CPU
		{F9AEF966-1EB3-44F8-B50F-2A56793D201D}.Debug|Any CPU.Build.0 = Debug|Any CPU
		{F9AEF966-1EB3-44F8-B50F-2A56793D201D}.Release|Any CPU.ActiveCfg = Release|Any CPU
		{F9AEF966-1EB3-44F8-B50F-2A56793D201D}.Release|Any CPU.Build.0 = Release|Any CPU
		{E1D0B04E-C2CC-45A8-B21D-A205AA13E9AC}.Debug|Any CPU.ActiveCfg = Debug|Any CPU
		{E1D0B04E-C2CC-45A8-B21D-A205AA13E9AC}.Debug|Any CPU.Build.0 = Debug|Any CPU
		{E1D0B04E-C2CC-45A8-B21D-A205AA13E9AC}.Release|Any CPU.ActiveCfg = Release|Any CPU
		{E1D0B04E-C2CC-45A8-B21D-A205AA13E9AC}.Release|Any CPU.Build.0 = Release|Any CPU
		{028D2775-9054-48E9-8CC1-2DF26C7D2CF7}.Debug|Any CPU.ActiveCfg = Debug|Any CPU
		{028D2775-9054-48E9-8CC1-2DF26C7D2CF7}.Debug|Any CPU.Build.0 = Debug|Any CPU
		{028D2775-9054-48E9-8CC1-2DF26C7D2CF7}.Release|Any CPU.ActiveCfg = Release|Any CPU
		{028D2775-9054-48E9-8CC1-2DF26C7D2CF7}.Release|Any CPU.Build.0 = Release|Any CPU
	EndGlobalSection
EndGlobal
